// !$*UTF8*$!
{
	archiveVersion = 1;
	classes = {
	};
	objectVersion = 46;
	objects = {

/* Begin PBXBuildFile section */
		E51D71D21E13BDFB007E2096 /* main.m in Sources */ = {isa = PBXBuildFile; fileRef = E51D71D11E13BDFB007E2096 /* main.m */; };
		E51D71D51E13BDFB007E2096 /* AppDelegate.m in Sources */ = {isa = PBXBuildFile; fileRef = E51D71D41E13BDFB007E2096 /* AppDelegate.m */; };
		E51D71D81E13BDFB007E2096 /* ViewController.m in Sources */ = {isa = PBXBuildFile; fileRef = E51D71D71E13BDFB007E2096 /* ViewController.m */; };
		E51D71DB1E13BDFB007E2096 /* Main.storyboard in Resources */ = {isa = PBXBuildFile; fileRef = E51D71D91E13BDFB007E2096 /* Main.storyboard */; };
		E51D71DD1E13BDFB007E2096 /* Assets.xcassets in Resources */ = {isa = PBXBuildFile; fileRef = E51D71DC1E13BDFB007E2096 /* Assets.xcassets */; };
		E51D71E01E13BDFB007E2096 /* LaunchScreen.storyboard in Resources */ = {isa = PBXBuildFile; fileRef = E51D71DE1E13BDFB007E2096 /* LaunchScreen.storyboard */; };
		E51D71EB1E13BDFB007E2096 /* QRCodeDemoTests.m in Sources */ = {isa = PBXBuildFile; fileRef = E51D71EA1E13BDFB007E2096 /* QRCodeDemoTests.m */; };
		E51D71F61E13BDFB007E2096 /* QRCodeDemoUITests.m in Sources */ = {isa = PBXBuildFile; fileRef = E51D71F51E13BDFB007E2096 /* QRCodeDemoUITests.m */; };
		E51D72081E13BF92007E2096 /* QRCodeGenerate.m in Sources */ = {isa = PBXBuildFile; fileRef = E51D72071E13BF92007E2096 /* QRCodeGenerate.m */; };
		E51D720B1E13BFBB007E2096 /* QRCodeScanViewController.m in Sources */ = {isa = PBXBuildFile; fileRef = E51D720A1E13BFBB007E2096 /* QRCodeScanViewController.m */; };
		E540B9BB1E16115000E60C9A /* CreateViewController.m in Sources */ = {isa = PBXBuildFile; fileRef = E540B9B91E16115000E60C9A /* CreateViewController.m */; };
		E540B9BC1E16115000E60C9A /* CreateViewController.xib in Resources */ = {isa = PBXBuildFile; fileRef = E540B9BA1E16115000E60C9A /* CreateViewController.xib */; };
		E540B9C01E16116000E60C9A /* ManageViewController.m in Sources */ = {isa = PBXBuildFile; fileRef = E540B9BE1E16116000E60C9A /* ManageViewController.m */; };
		E540B9C11E16116000E60C9A /* ManageViewController.xib in Resources */ = {isa = PBXBuildFile; fileRef = E540B9BF1E16116000E60C9A /* ManageViewController.xib */; };
		E540B9C51E16231200E60C9A /* ResultViewController.m in Sources */ = {isa = PBXBuildFile; fileRef = E540B9C31E16231200E60C9A /* ResultViewController.m */; };
		E540B9C61E16231200E60C9A /* ResultViewController.xib in Resources */ = {isa = PBXBuildFile; fileRef = E540B9C41E16231200E60C9A /* ResultViewController.xib */; };
/* End PBXBuildFile section */

/* Begin PBXContainerItemProxy section */
		E51D71E71E13BDFB007E2096 /* PBXContainerItemProxy */ = {
			isa = PBXContainerItemProxy;
			containerPortal = E51D71C51E13BDFB007E2096 /* Project object */;
			proxyType = 1;
			remoteGlobalIDString = E51D71CC1E13BDFB007E2096;
			remoteInfo = QRCodeDemo;
		};
		E51D71F21E13BDFB007E2096 /* PBXContainerItemProxy */ = {
			isa = PBXContainerItemProxy;
			containerPortal = E51D71C51E13BDFB007E2096 /* Project object */;
			proxyType = 1;
			remoteGlobalIDString = E51D71CC1E13BDFB007E2096;
			remoteInfo = QRCodeDemo;
		};
/* End PBXContainerItemProxy section */

/* Begin PBXFileReference section */
		E51D71CD1E13BDFB007E2096 /* QRCodeDemo.app */ = {isa = PBXFileReference; explicitFileType = wrapper.application; includeInIndex = 0; path = QRCodeDemo.app; sourceTree = BUILT_PRODUCTS_DIR; };
		E51D71D11E13BDFB007E2096 /* main.m */ = {isa = PBXFileReference; lastKnownFileType = sourcecode.c.objc; path = main.m; sourceTree = "<group>"; };
		E51D71D31E13BDFB007E2096 /* AppDelegate.h */ = {isa = PBXFileReference; lastKnownFileType = sourcecode.c.h; path = AppDelegate.h; sourceTree = "<group>"; };
		E51D71D41E13BDFB007E2096 /* AppDelegate.m */ = {isa = PBXFileReference; lastKnownFileType = sourcecode.c.objc; path = AppDelegate.m; sourceTree = "<group>"; };
		E51D71D61E13BDFB007E2096 /* ViewController.h */ = {isa = PBXFileReference; lastKnownFileType = sourcecode.c.h; path = ViewController.h; sourceTree = "<group>"; };
		E51D71D71E13BDFB007E2096 /* ViewController.m */ = {isa = PBXFileReference; lastKnownFileType = sourcecode.c.objc; path = ViewController.m; sourceTree = "<group>"; };
		E51D71DA1E13BDFB007E2096 /* Base */ = {isa = PBXFileReference; lastKnownFileType = file.storyboard; name = Base; path = Base.lproj/Main.storyboard; sourceTree = "<group>"; };
		E51D71DC1E13BDFB007E2096 /* Assets.xcassets */ = {isa = PBXFileReference; lastKnownFileType = folder.assetcatalog; path = Assets.xcassets; sourceTree = "<group>"; };
		E51D71DF1E13BDFB007E2096 /* Base */ = {isa = PBXFileReference; lastKnownFileType = file.storyboard; name = Base; path = Base.lproj/LaunchScreen.storyboard; sourceTree = "<group>"; };
		E51D71E11E13BDFB007E2096 /* Info.plist */ = {isa = PBXFileReference; lastKnownFileType = text.plist.xml; path = Info.plist; sourceTree = "<group>"; };
		E51D71E61E13BDFB007E2096 /* QRCodeDemoTests.xctest */ = {isa = PBXFileReference; explicitFileType = wrapper.cfbundle; includeInIndex = 0; path = QRCodeDemoTests.xctest; sourceTree = BUILT_PRODUCTS_DIR; };
		E51D71EA1E13BDFB007E2096 /* QRCodeDemoTests.m */ = {isa = PBXFileReference; lastKnownFileType = sourcecode.c.objc; path = QRCodeDemoTests.m; sourceTree = "<group>"; };
		E51D71EC1E13BDFB007E2096 /* Info.plist */ = {isa = PBXFileReference; lastKnownFileType = text.plist.xml; path = Info.plist; sourceTree = "<group>"; };
		E51D71F11E13BDFB007E2096 /* QRCodeDemoUITests.xctest */ = {isa = PBXFileReference; explicitFileType = wrapper.cfbundle; includeInIndex = 0; path = QRCodeDemoUITests.xctest; sourceTree = BUILT_PRODUCTS_DIR; };
		E51D71F51E13BDFB007E2096 /* QRCodeDemoUITests.m */ = {isa = PBXFileReference; lastKnownFileType = sourcecode.c.objc; path = QRCodeDemoUITests.m; sourceTree = "<group>"; };
		E51D71F71E13BDFB007E2096 /* Info.plist */ = {isa = PBXFileReference; lastKnownFileType = text.plist.xml; path = Info.plist; sourceTree = "<group>"; };
		E51D72061E13BF92007E2096 /* QRCodeGenerate.h */ = {isa = PBXFileReference; fileEncoding = 4; lastKnownFileType = sourcecode.c.h; path = QRCodeGenerate.h; sourceTree = "<group>"; };
		E51D72071E13BF92007E2096 /* QRCodeGenerate.m */ = {isa = PBXFileReference; fileEncoding = 4; lastKnownFileType = sourcecode.c.objc; path = QRCodeGenerate.m; sourceTree = "<group>"; };
		E51D72091E13BFBB007E2096 /* QRCodeScanViewController.h */ = {isa = PBXFileReference; fileEncoding = 4; lastKnownFileType = sourcecode.c.h; path = QRCodeScanViewController.h; sourceTree = "<group>"; };
		E51D720A1E13BFBB007E2096 /* QRCodeScanViewController.m */ = {isa = PBXFileReference; fileEncoding = 4; lastKnownFileType = sourcecode.c.objc; path = QRCodeScanViewController.m; sourceTree = "<group>"; };
		E540B9B81E16115000E60C9A /* CreateViewController.h */ = {isa = PBXFileReference; fileEncoding = 4; lastKnownFileType = sourcecode.c.h; path = CreateViewController.h; sourceTree = "<group>"; };
		E540B9B91E16115000E60C9A /* CreateViewController.m */ = {isa = PBXFileReference; fileEncoding = 4; lastKnownFileType = sourcecode.c.objc; path = CreateViewController.m; sourceTree = "<group>"; };
		E540B9BA1E16115000E60C9A /* CreateViewController.xib */ = {isa = PBXFileReference; fileEncoding = 4; lastKnownFileType = file.xib; path = CreateViewController.xib; sourceTree = "<group>"; };
		E540B9BD1E16116000E60C9A /* ManageViewController.h */ = {isa = PBXFileReference; fileEncoding = 4; lastKnownFileType = sourcecode.c.h; path = ManageViewController.h; sourceTree = "<group>"; };
		E540B9BE1E16116000E60C9A /* ManageViewController.m */ = {isa = PBXFileReference; fileEncoding = 4; lastKnownFileType = sourcecode.c.objc; path = ManageViewController.m; sourceTree = "<group>"; };
		E540B9BF1E16116000E60C9A /* ManageViewController.xib */ = {isa = PBXFileReference; fileEncoding = 4; lastKnownFileType = file.xib; path = ManageViewController.xib; sourceTree = "<group>"; };
		E540B9C21E16231200E60C9A /* ResultViewController.h */ = {isa = PBXFileReference; fileEncoding = 4; lastKnownFileType = sourcecode.c.h; path = ResultViewController.h; sourceTree = "<group>"; };
		E540B9C31E16231200E60C9A /* ResultViewController.m */ = {isa = PBXFileReference; fileEncoding = 4; lastKnownFileType = sourcecode.c.objc; path = ResultViewController.m; sourceTree = "<group>"; };
		E540B9C41E16231200E60C9A /* ResultViewController.xib */ = {isa = PBXFileReference; fileEncoding = 4; lastKnownFileType = file.xib; path = ResultViewController.xib; sourceTree = "<group>"; };
/* End PBXFileReference section */

/* Begin PBXFrameworksBuildPhase section */
		E51D71CA1E13BDFB007E2096 /* Frameworks */ = {
			isa = PBXFrameworksBuildPhase;
			buildActionMask = 2147483647;
			files = (
			);
			runOnlyForDeploymentPostprocessing = 0;
		};
		E51D71E31E13BDFB007E2096 /* Frameworks */ = {
			isa = PBXFrameworksBuildPhase;
			buildActionMask = 2147483647;
			files = (
			);
			runOnlyForDeploymentPostprocessing = 0;
		};
		E51D71EE1E13BDFB007E2096 /* Frameworks */ = {
			isa = PBXFrameworksBuildPhase;
			buildActionMask = 2147483647;
			files = (
			);
			runOnlyForDeploymentPostprocessing = 0;
		};
/* End PBXFrameworksBuildPhase section */

/* Begin PBXGroup section */
		E51D71C41E13BDFB007E2096 = {
			isa = PBXGroup;
			children = (
				E51D71CF1E13BDFB007E2096 /* QRCodeDemo */,
				E51D71E91E13BDFB007E2096 /* QRCodeDemoTests */,
				E51D71F41E13BDFB007E2096 /* QRCodeDemoUITests */,
				E51D71CE1E13BDFB007E2096 /* Products */,
			);
			sourceTree = "<group>";
		};
		E51D71CE1E13BDFB007E2096 /* Products */ = {
			isa = PBXGroup;
			children = (
				E51D71CD1E13BDFB007E2096 /* QRCodeDemo.app */,
				E51D71E61E13BDFB007E2096 /* QRCodeDemoTests.xctest */,
				E51D71F11E13BDFB007E2096 /* QRCodeDemoUITests.xctest */,
			);
			name = Products;
			sourceTree = "<group>";
		};
		E51D71CF1E13BDFB007E2096 /* QRCodeDemo */ = {
			isa = PBXGroup;
			children = (
				E51D71D31E13BDFB007E2096 /* AppDelegate.h */,
				E51D71D41E13BDFB007E2096 /* AppDelegate.m */,
				E51D71D61E13BDFB007E2096 /* ViewController.h */,
				E51D71D71E13BDFB007E2096 /* ViewController.m */,
				E540B9B81E16115000E60C9A /* CreateViewController.h */,
				E540B9B91E16115000E60C9A /* CreateViewController.m */,
				E540B9BA1E16115000E60C9A /* CreateViewController.xib */,
				E540B9BD1E16116000E60C9A /* ManageViewController.h */,
				E540B9BE1E16116000E60C9A /* ManageViewController.m */,
				E540B9BF1E16116000E60C9A /* ManageViewController.xib */,
				E540B9C21E16231200E60C9A /* ResultViewController.h */,
				E540B9C31E16231200E60C9A /* ResultViewController.m */,
				E540B9C41E16231200E60C9A /* ResultViewController.xib */,
				E51D72031E13BF03007E2096 /* QRCode */,
				E51D71D91E13BDFB007E2096 /* Main.storyboard */,
				E51D71DC1E13BDFB007E2096 /* Assets.xcassets */,
				E51D71DE1E13BDFB007E2096 /* LaunchScreen.storyboard */,
				E51D71E11E13BDFB007E2096 /* Info.plist */,
				E51D71D01E13BDFB007E2096 /* Supporting Files */,
			);
			path = QRCodeDemo;
			sourceTree = "<group>";
		};
		E51D71D01E13BDFB007E2096 /* Supporting Files */ = {
			isa = PBXGroup;
			children = (
				E51D71D11E13BDFB007E2096 /* main.m */,
			);
			name = "Supporting Files";
			sourceTree = "<group>";
		};
		E51D71E91E13BDFB007E2096 /* QRCodeDemoTests */ = {
			isa = PBXGroup;
			children = (
				E51D71EA1E13BDFB007E2096 /* QRCodeDemoTests.m */,
				E51D71EC1E13BDFB007E2096 /* Info.plist */,
			);
			path = QRCodeDemoTests;
			sourceTree = "<group>";
		};
		E51D71F41E13BDFB007E2096 /* QRCodeDemoUITests */ = {
			isa = PBXGroup;
			children = (
				E51D71F51E13BDFB007E2096 /* QRCodeDemoUITests.m */,
				E51D71F71E13BDFB007E2096 /* Info.plist */,
			);
			path = QRCodeDemoUITests;
			sourceTree = "<group>";
		};
		E51D72031E13BF03007E2096 /* QRCode */ = {
			isa = PBXGroup;
			children = (
				E51D72041E13BF52007E2096 /* Generate */,
				E51D72051E13BF52007E2096 /* QRCodeScan */,
			);
			path = QRCode;
			sourceTree = "<group>";
		};
		E51D72041E13BF52007E2096 /* Generate */ = {
			isa = PBXGroup;
			children = (
				E51D72061E13BF92007E2096 /* QRCodeGenerate.h */,
				E51D72071E13BF92007E2096 /* QRCodeGenerate.m */,
			);
			path = Generate;
			sourceTree = "<group>";
		};
		E51D72051E13BF52007E2096 /* QRCodeScan */ = {
			isa = PBXGroup;
			children = (
				E51D72091E13BFBB007E2096 /* QRCodeScanViewController.h */,
				E51D720A1E13BFBB007E2096 /* QRCodeScanViewController.m */,
			);
			path = QRCodeScan;
			sourceTree = "<group>";
		};
/* End PBXGroup section */

/* Begin PBXNativeTarget section */
		E51D71CC1E13BDFB007E2096 /* QRCodeDemo */ = {
			isa = PBXNativeTarget;
			buildConfigurationList = E51D71FA1E13BDFB007E2096 /* Build configuration list for PBXNativeTarget "QRCodeDemo" */;
			buildPhases = (
				E51D71C91E13BDFB007E2096 /* Sources */,
				E51D71CA1E13BDFB007E2096 /* Frameworks */,
				E51D71CB1E13BDFB007E2096 /* Resources */,
			);
			buildRules = (
			);
			dependencies = (
			);
			name = QRCodeDemo;
			productName = QRCodeDemo;
			productReference = E51D71CD1E13BDFB007E2096 /* QRCodeDemo.app */;
			productType = "com.apple.product-type.application";
		};
		E51D71E51E13BDFB007E2096 /* QRCodeDemoTests */ = {
			isa = PBXNativeTarget;
			buildConfigurationList = E51D71FD1E13BDFB007E2096 /* Build configuration list for PBXNativeTarget "QRCodeDemoTests" */;
			buildPhases = (
				E51D71E21E13BDFB007E2096 /* Sources */,
				E51D71E31E13BDFB007E2096 /* Frameworks */,
				E51D71E41E13BDFB007E2096 /* Resources */,
			);
			buildRules = (
			);
			dependencies = (
				E51D71E81E13BDFB007E2096 /* PBXTargetDependency */,
			);
			name = QRCodeDemoTests;
			productName = QRCodeDemoTests;
			productReference = E51D71E61E13BDFB007E2096 /* QRCodeDemoTests.xctest */;
			productType = "com.apple.product-type.bundle.unit-test";
		};
		E51D71F01E13BDFB007E2096 /* QRCodeDemoUITests */ = {
			isa = PBXNativeTarget;
			buildConfigurationList = E51D72001E13BDFB007E2096 /* Build configuration list for PBXNativeTarget "QRCodeDemoUITests" */;
			buildPhases = (
				E51D71ED1E13BDFB007E2096 /* Sources */,
				E51D71EE1E13BDFB007E2096 /* Frameworks */,
				E51D71EF1E13BDFB007E2096 /* Resources */,
			);
			buildRules = (
			);
			dependencies = (
				E51D71F31E13BDFB007E2096 /* PBXTargetDependency */,
			);
			name = QRCodeDemoUITests;
			productName = QRCodeDemoUITests;
			productReference = E51D71F11E13BDFB007E2096 /* QRCodeDemoUITests.xctest */;
			productType = "com.apple.product-type.bundle.ui-testing";
		};
/* End PBXNativeTarget section */

/* Begin PBXProject section */
		E51D71C51E13BDFB007E2096 /* Project object */ = {
			isa = PBXProject;
			attributes = {
				LastUpgradeCheck = 0820;
				ORGANIZATIONNAME = Kity_Pei;
				TargetAttributes = {
					E51D71CC1E13BDFB007E2096 = {
						CreatedOnToolsVersion = 8.2;
						DevelopmentTeam = 8H8HTB2NR7;
						ProvisioningStyle = Automatic;
					};
					E51D71E51E13BDFB007E2096 = {
						CreatedOnToolsVersion = 8.2;
						DevelopmentTeam = 8H8HTB2NR7;
						ProvisioningStyle = Automatic;
						TestTargetID = E51D71CC1E13BDFB007E2096;
					};
					E51D71F01E13BDFB007E2096 = {
						CreatedOnToolsVersion = 8.2;
						DevelopmentTeam = 8H8HTB2NR7;
						ProvisioningStyle = Automatic;
						TestTargetID = E51D71CC1E13BDFB007E2096;
					};
				};
			};
			buildConfigurationList = E51D71C81E13BDFB007E2096 /* Build configuration list for PBXProject "QRCodeDemo" */;
			compatibilityVersion = "Xcode 3.2";
			developmentRegion = English;
			hasScannedForEncodings = 0;
			knownRegions = (
				en,
				Base,
			);
			mainGroup = E51D71C41E13BDFB007E2096;
			productRefGroup = E51D71CE1E13BDFB007E2096 /* Products */;
			projectDirPath = "";
			projectRoot = "";
			targets = (
				E51D71CC1E13BDFB007E2096 /* QRCodeDemo */,
				E51D71E51E13BDFB007E2096 /* QRCodeDemoTests */,
				E51D71F01E13BDFB007E2096 /* QRCodeDemoUITests */,
			);
		};
/* End PBXProject section */

/* Begin PBXResourcesBuildPhase section */
		E51D71CB1E13BDFB007E2096 /* Resources */ = {
			isa = PBXResourcesBuildPhase;
			buildActionMask = 2147483647;
			files = (
				E540B9BC1E16115000E60C9A /* CreateViewController.xib in Resources */,
				E540B9C61E16231200E60C9A /* ResultViewController.xib in Resources */,
				E51D71E01E13BDFB007E2096 /* LaunchScreen.storyboard in Resources */,
				E51D71DD1E13BDFB007E2096 /* Assets.xcassets in Resources */,
				E540B9C11E16116000E60C9A /* ManageViewController.xib in Resources */,
				E51D71DB1E13BDFB007E2096 /* Main.storyboard in Resources */,
			);
			runOnlyForDeploymentPostprocessing = 0;
		};
		E51D71E41E13BDFB007E2096 /* Resources */ = {
			isa = PBXResourcesBuildPhase;
			buildActionMask = 2147483647;
			files = (
			);
			runOnlyForDeploymentPostprocessing = 0;
		};
		E51D71EF1E13BDFB007E2096 /* Resources */ = {
			isa = PBXResourcesBuildPhase;
			buildActionMask = 2147483647;
			files = (
			);
			runOnlyForDeploymentPostprocessing = 0;
		};
/* End PBXResourcesBuildPhase section */

/* Begin PBXSourcesBuildPhase section */
		E51D71C91E13BDFB007E2096 /* Sources */ = {
			isa = PBXSourcesBuildPhase;
			buildActionMask = 2147483647;
			files = (
				E51D72081E13BF92007E2096 /* QRCodeGenerate.m in Sources */,
				E51D720B1E13BFBB007E2096 /* QRCodeScanViewController.m in Sources */,
				E540B9BB1E16115000E60C9A /* CreateViewController.m in Sources */,
				E51D71D81E13BDFB007E2096 /* ViewController.m in Sources */,
				E540B9C01E16116000E60C9A /* ManageViewController.m in Sources */,
				E51D71D51E13BDFB007E2096 /* AppDelegate.m in Sources */,
				E51D71D21E13BDFB007E2096 /* main.m in Sources */,
				E540B9C51E16231200E60C9A /* ResultViewController.m in Sources */,
			);
			runOnlyForDeploymentPostprocessing = 0;
		};
		E51D71E21E13BDFB007E2096 /* Sources */ = {
			isa = PBXSourcesBuildPhase;
			buildActionMask = 2147483647;
			files = (
				E51D71EB1E13BDFB007E2096 /* QRCodeDemoTests.m in Sources */,
			);
			runOnlyForDeploymentPostprocessing = 0;
		};
		E51D71ED1E13BDFB007E2096 /* Sources */ = {
			isa = PBXSourcesBuildPhase;
			buildActionMask = 2147483647;
			files = (
				E51D71F61E13BDFB007E2096 /* QRCodeDemoUITests.m in Sources */,
			);
			runOnlyForDeploymentPostprocessing = 0;
		};
/* End PBXSourcesBuildPhase section */

/* Begin PBXTargetDependency section */
		E51D71E81E13BDFB007E2096 /* PBXTargetDependency */ = {
			isa = PBXTargetDependency;
			target = E51D71CC1E13BDFB007E2096 /* QRCodeDemo */;
			targetProxy = E51D71E71E13BDFB007E2096 /* PBXContainerItemProxy */;
		};
		E51D71F31E13BDFB007E2096 /* PBXTargetDependency */ = {
			isa = PBXTargetDependency;
			target = E51D71CC1E13BDFB007E2096 /* QRCodeDemo */;
			targetProxy = E51D71F21E13BDFB007E2096 /* PBXContainerItemProxy */;
		};
/* End PBXTargetDependency section */

/* Begin PBXVariantGroup section */
		E51D71D91E13BDFB007E2096 /* Main.storyboard */ = {
			isa = PBXVariantGroup;
			children = (
				E51D71DA1E13BDFB007E2096 /* Base */,
			);
			name = Main.storyboard;
			sourceTree = "<group>";
		};
		E51D71DE1E13BDFB007E2096 /* LaunchScreen.storyboard */ = {
			isa = PBXVariantGroup;
			children = (
				E51D71DF1E13BDFB007E2096 /* Base */,
			);
			name = LaunchScreen.storyboard;
			sourceTree = "<group>";
		};
/* End PBXVariantGroup section */

/* Begin XCBuildConfiguration section */
		E51D71F81E13BDFB007E2096 /* Debug */ = {
			isa = XCBuildConfiguration;
			buildSettings = {
				ALWAYS_SEARCH_USER_PATHS = NO;
				CLANG_ANALYZER_NONNULL = YES;
				CLANG_CXX_LANGUAGE_STANDARD = "gnu++0x";
				CLANG_CXX_LIBRARY = "libc++";
				CLANG_ENABLE_MODULES = YES;
				CLANG_ENABLE_OBJC_ARC = YES;
				CLANG_WARN_BOOL_CONVERSION = YES;
				CLANG_WARN_CONSTANT_CONVERSION = YES;
				CLANG_WARN_DIRECT_OBJC_ISA_USAGE = YES_ERROR;
				CLANG_WARN_DOCUMENTATION_COMMENTS = YES;
				CLANG_WARN_EMPTY_BODY = YES;
				CLANG_WARN_ENUM_CONVERSION = YES;
				CLANG_WARN_INFINITE_RECURSION = YES;
				CLANG_WARN_INT_CONVERSION = YES;
				CLANG_WARN_OBJC_ROOT_CLASS = YES_ERROR;
				CLANG_WARN_SUSPICIOUS_MOVE = YES;
				CLANG_WARN_UNREACHABLE_CODE = YES;
				CLANG_WARN__DUPLICATE_METHOD_MATCH = YES;
				"CODE_SIGN_IDENTITY[sdk=iphoneos*]" = "iPhone Developer";
				COPY_PHASE_STRIP = NO;
				DEBUG_INFORMATION_FORMAT = dwarf;
				ENABLE_STRICT_OBJC_MSGSEND = YES;
				ENABLE_TESTABILITY = YES;
				GCC_C_LANGUAGE_STANDARD = gnu99;
				GCC_DYNAMIC_NO_PIC = NO;
				GCC_NO_COMMON_BLOCKS = YES;
				GCC_OPTIMIZATION_LEVEL = 0;
				GCC_PREPROCESSOR_DEFINITIONS = (
					"DEBUG=1",
					"$(inherited)",
				);
				GCC_WARN_64_TO_32_BIT_CONVERSION = YES;
				GCC_WARN_ABOUT_RETURN_TYPE = YES_ERROR;
				GCC_WARN_UNDECLARED_SELECTOR = YES;
				GCC_WARN_UNINITIALIZED_AUTOS = YES_AGGRESSIVE;
				GCC_WARN_UNUSED_FUNCTION = YES;
				GCC_WARN_UNUSED_VARIABLE = YES;
				IPHONEOS_DEPLOYMENT_TARGET = 8.3;
				MTL_ENABLE_DEBUG_INFO = YES;
				ONLY_ACTIVE_ARCH = YES;
				SDKROOT = iphoneos;
			};
			name = Debug;
		};
		E51D71F91E13BDFB007E2096 /* Release */ = {
			isa = XCBuildConfiguration;
			buildSettings = {
				ALWAYS_SEARCH_USER_PATHS = NO;
				CLANG_ANALYZER_NONNULL = YES;
				CLANG_CXX_LANGUAGE_STANDARD = "gnu++0x";
				CLANG_CXX_LIBRARY = "libc++";
				CLANG_ENABLE_MODULES = YES;
				CLANG_ENABLE_OBJC_ARC = YES;
				CLANG_WARN_BOOL_CONVERSION = YES;
				CLANG_WARN_CONSTANT_CONVERSION = YES;
				CLANG_WARN_DIRECT_OBJC_ISA_USAGE = YES_ERROR;
				CLANG_WARN_DOCUMENTATION_COMMENTS = YES;
				CLANG_WARN_EMPTY_BODY = YES;
				CLANG_WARN_ENUM_CONVERSION = YES;
				CLANG_WARN_INFINITE_RECURSION = YES;
				CLANG_WARN_INT_CONVERSION = YES;
				CLANG_WARN_OBJC_ROOT_CLASS = YES_ERROR;
				CLANG_WARN_SUSPICIOUS_MOVE = YES;
				CLANG_WARN_UNREACHABLE_CODE = YES;
				CLANG_WARN__DUPLICATE_METHOD_MATCH = YES;
				"CODE_SIGN_IDENTITY[sdk=iphoneos*]" = "iPhone Developer";
				COPY_PHASE_STRIP = NO;
				DEBUG_INFORMATION_FORMAT = "dwarf-with-dsym";
				ENABLE_NS_ASSERTIONS = NO;
				ENABLE_STRICT_OBJC_MSGSEND = YES;
				GCC_C_LANGUAGE_STANDARD = gnu99;
				GCC_NO_COMMON_BLOCKS = YES;
				GCC_WARN_64_TO_32_BIT_CONVERSION = YES;
				GCC_WARN_ABOUT_RETURN_TYPE = YES_ERROR;
				GCC_WARN_UNDECLARED_SELECTOR = YES;
				GCC_WARN_UNINITIALIZED_AUTOS = YES_AGGRESSIVE;
				GCC_WARN_UNUSED_FUNCTION = YES;
				GCC_WARN_UNUSED_VARIABLE = YES;
				IPHONEOS_DEPLOYMENT_TARGET = 8.3;
				MTL_ENABLE_DEBUG_INFO = NO;
				SDKROOT = iphoneos;
				VALIDATE_PRODUCT = YES;
			};
			name = Release;
		};
		E51D71FB1E13BDFB007E2096 /* Debug */ = {
			isa = XCBuildConfiguration;
			buildSettings = {
				ASSETCATALOG_COMPILER_APPICON_NAME = AppIcon;
				DEVELOPMENT_TEAM = 8H8HTB2NR7;
				INFOPLIST_FILE = QRCodeDemo/Info.plist;
				LD_RUNPATH_SEARCH_PATHS = "$(inherited) @executable_path/Frameworks";
				PRODUCT_BUNDLE_IDENTIFIER = com.drogan.pp.QRCodeDemo;
				PRODUCT_NAME = "$(TARGET_NAME)";
			};
			name = Debug;
		};
		E51D71FC1E13BDFB007E2096 /* Release */ = {
			isa = XCBuildConfiguration;
			buildSettings = {
				ASSETCATALOG_COMPILER_APPICON_NAME = AppIcon;
				DEVELOPMENT_TEAM = 8H8HTB2NR7;
				INFOPLIST_FILE = QRCodeDemo/Info.plist;
				LD_RUNPATH_SEARCH_PATHS = "$(inherited) @executable_path/Frameworks";
				PRODUCT_BUNDLE_IDENTIFIER = com.drogan.pp.QRCodeDemo;
				PRODUCT_NAME = "$(TARGET_NAME)";
			};
			name = Release;
		};
		E51D71FE1E13BDFB007E2096 /* Debug */ = {
			isa = XCBuildConfiguration;
			buildSettings = {
				BUNDLE_LOADER = "$(TEST_HOST)";
				DEVELOPMENT_TEAM = 8H8HTB2NR7;
				INFOPLIST_FILE = QRCodeDemoTests/Info.plist;
				LD_RUNPATH_SEARCH_PATHS = "$(inherited) @executable_path/Frameworks @loader_path/Frameworks";
				PRODUCT_BUNDLE_IDENTIFIER = com.drogan.pp.QRCodeDemoTests;
				PRODUCT_NAME = "$(TARGET_NAME)";
				TEST_HOST = "$(BUILT_PRODUCTS_DIR)/QRCodeDemo.app/QRCodeDemo";
			};
			name = Debug;
		};
		E51D71FF1E13BDFB007E2096 /* Release */ = {
			isa = XCBuildConfiguration;
			buildSettings = {
				BUNDLE_LOADER = "$(TEST_HOST)";
				DEVELOPMENT_TEAM = 8H8HTB2NR7;
				INFOPLIST_FILE = QRCodeDemoTests/Info.plist;
				LD_RUNPATH_SEARCH_PATHS = "$(inherited) @executable_path/Frameworks @loader_path/Frameworks";
				PRODUCT_BUNDLE_IDENTIFIER = com.drogan.pp.QRCodeDemoTests;
				PRODUCT_NAME = "$(TARGET_NAME)";
				TEST_HOST = "$(BUILT_PRODUCTS_DIR)/QRCodeDemo.app/QRCodeDemo";
			};
			name = Release;
		};
		E51D72011E13BDFB007E2096 /* Debug */ = {
			isa = XCBuildConfiguration;
			buildSettings = {
				DEVELOPMENT_TEAM = 8H8HTB2NR7;
				INFOPLIST_FILE = QRCodeDemoUITests/Info.plist;
				LD_RUNPATH_SEARCH_PATHS = "$(inherited) @executable_path/Frameworks @loader_path/Frameworks";
				PRODUCT_BUNDLE_IDENTIFIER = com.drogan.pp.QRCodeDemoUITests;
				PRODUCT_NAME = "$(TARGET_NAME)";
				TEST_TARGET_NAME = QRCodeDemo;
			};
			name = Debug;
		};
		E51D72021E13BDFB007E2096 /* Release */ = {
			isa = XCBuildConfiguration;
			buildSettings = {
				DEVELOPMENT_TEAM = 8H8HTB2NR7;
				INFOPLIST_FILE = QRCodeDemoUITests/Info.plist;
				LD_RUNPATH_SEARCH_PATHS = "$(inherited) @executable_path/Frameworks @loader_path/Frameworks";
				PRODUCT_BUNDLE_IDENTIFIER = com.drogan.pp.QRCodeDemoUITests;
				PRODUCT_NAME = "$(TARGET_NAME)";
				TEST_TARGET_NAME = QRCodeDemo;
			};
			name = Release;
		};
/* End XCBuildConfiguration section */

/* Begin XCConfigurationList section */
		E51D71C81E13BDFB007E2096 /* Build configuration list for PBXProject "QRCodeDemo" */ = {
			isa = XCConfigurationList;
			buildConfigurations = (
				E51D71F81E13BDFB007E2096 /* Debug */,
				E51D71F91E13BDFB007E2096 /* Release */,
			);
			defaultConfigurationIsVisible = 0;
			defaultConfigurationName = Release;
		};
		E51D71FA1E13BDFB007E2096 /* Build configuration list for PBXNativeTarget "QRCodeDemo" */ = {
			isa = XCConfigurationList;
			buildConfigurations = (
				E51D71FB1E13BDFB007E2096 /* Debug */,
				E51D71FC1E13BDFB007E2096 /* Release */,
			);
			defaultConfigurationIsVisible = 0;
			defaultConfigurationName = Release;
		};
		E51D71FD1E13BDFB007E2096 /* Build configuration list for PBXNativeTarget "QRCodeDemoTests" */ = {
			isa = XCConfigurationList;
			buildConfigurations = (
				E51D71FE1E13BDFB007E2096 /* Debug */,
				E51D71FF1E13BDFB007E2096 /* Release */,
			);
			defaultConfigurationIsVisible = 0;
			defaultConfigurationName = Release;
		};
		E51D72001E13BDFB007E2096 /* Build configuration list for PBXNativeTarget "QRCodeDemoUITests" */ = {
			isa = XCConfigurationList;
			buildConfigurations = (
				E51D72011E13BDFB007E2096 /* Debug */,
				E51D72021E13BDFB007E2096 /* Release */,
			);
			defaultConfigurationIsVisible = 0;
			defaultConfigurationName = Release;
		};
/* End XCConfigurationList section */
	};
	rootObject = E51D71C51E13BDFB007E2096 /* Project object */;
}
